// !$*UTF8*$!
{
	archiveVersion = 1;
	classes = {
	};
	objectVersion = 77;
	objects = {

/* Begin PBXContainerItemProxy section */
		4F1DF28B2EA4CDCC0039A42D /* PBXContainerItemProxy */ = {
			isa = PBXContainerItemProxy;
			containerPortal = 4F1DF2732EA4CDCB0039A42D /* Project object */;
			proxyType = 1;
			remoteGlobalIDString = 4F1DF27A2EA4CDCB0039A42D;
			remoteInfo = EarHealthTimer;
		};
		4F1DF2952EA4CDCC0039A42D /* PBXContainerItemProxy */ = {
			isa = PBXContainerItemProxy;
			containerPortal = 4F1DF2732EA4CDCB0039A42D /* Project object */;
			proxyType = 1;
			remoteGlobalIDString = 4F1DF27A2EA4CDCB0039A42D;
			remoteInfo = EarHealthTimer;
		};
/* End PBXContainerItemProxy section */

/* Begin PBXFileReference section */
		4F1DF27B2EA4CDCB0039A42D /* EarHealthTimer.app */ = {isa = PBXFileReference; explicitFileType = wrapper.application; includeInIndex = 0; path = EarHealthTimer.app; sourceTree = BUILT_PRODUCTS_DIR; };
		4F1DF28A2EA4CDCC0039A42D /* EarHealthTimerTests.xctest */ = {isa = PBXFileReference; explicitFileType = wrapper.cfbundle; includeInIndex = 0; path = EarHealthTimerTests.xctest; sourceTree = BUILT_PRODUCTS_DIR; };
		4F1DF2942EA4CDCC0039A42D /* EarHealthTimerUITests.xctest */ = {isa = PBXFileReference; explicitFileType = wrapper.cfbundle; includeInIndex = 0; path = EarHealthTimerUITests.xctest; sourceTree = BUILT_PRODUCTS_DIR; };
/* End PBXFileReference section */

/* Begin PBXFileSystemSynchronizedRootGroup section */
		4F1DF27D2EA4CDCB0039A42D /* EarHealthTimer */ = {
			isa = PBXFileSystemSynchronizedRootGroup;
			path = EarHealthTimer;
			sourceTree = "<group>";
		};
		4F1DF28D2EA4CDCC0039A42D /* EarHealthTimerTests */ = {
			isa = PBXFileSystemSynchronizedRootGroup;
			path = EarHealthTimerTests;
			sourceTree = "<group>";
		};
		4F1DF2972EA4CDCC0039A42D /* EarHealthTimerUITests */ = {
			isa = PBXFileSystemSynchronizedRootGroup;
			path = EarHealthTimerUITests;
			sourceTree = "<group>";
		};
/* End PBXFileSystemSynchronizedRootGroup section */

/* Begin PBXFrameworksBuildPhase section */
		4F1DF2782EA4CDCB0039A42D /* Frameworks */ = {
			isa = PBXFrameworksBuildPhase;
			buildActionMask = 2147483647;
			files = (
			);
			runOnlyForDeploymentPostprocessing = 0;
		};
		4F1DF2872EA4CDCC0039A42D /* Frameworks */ = {
			isa = PBXFrameworksBuildPhase;
			buildActionMask = 2147483647;
			files = (
			);
			runOnlyForDeploymentPostprocessing = 0;
		};
		4F1DF2912EA4CDCC0039A42D /* Frameworks */ = {
			isa = PBXFrameworksBuildPhase;
			buildActionMask = 2147483647;
			files = (
			);
			runOnlyForDeploymentPostprocessing = 0;
		};
/* End PBXFrameworksBuildPhase section */

/* Begin PBXGroup section */
		4F1DF2722EA4CDCB0039A42D = {
			isa = PBXGroup;
			children = (
				4F1DF27D2EA4CDCB0039A42D /* EarHealthTimer */,
				4F1DF28D2EA4CDCC0039A42D /* EarHealthTimerTests */,
				4F1DF2972EA4CDCC0039A42D /* EarHealthTimerUITests */,
				4F1DF27C2EA4CDCB0039A42D /* Products */,
			);
			sourceTree = "<group>";
		};
		4F1DF27C2EA4CDCB0039A42D /* Products */ = {
			isa = PBXGroup;
			children = (
				4F1DF27B2EA4CDCB0039A42D /* EarHealthTimer.app */,
				4F1DF28A2EA4CDCC0039A42D /* EarHealthTimerTests.xctest */,
				4F1DF2942EA4CDCC0039A42D /* EarHealthTimerUITests.xctest */,
			);
			name = Products;
			sourceTree = "<group>";
		};
/* End PBXGroup section */

/* Begin PBXNativeTarget section */
		4F1DF27A2EA4CDCB0039A42D /* EarHealthTimer */ = {
			isa = PBXNativeTarget;
			buildConfigurationList = 4F1DF29E2EA4CDCC0039A42D /* Build configuration list for PBXNativeTarget "EarHealthTimer" */;
			buildPhases = (
				4F1DF2772EA4CDCB0039A42D /* Sources */,
				4F1DF2782EA4CDCB0039A42D /* Frameworks */,
				4F1DF2792EA4CDCB0039A42D /* Resources */,
			);
			buildRules = (
			);
			dependencies = (
			);
			fileSystemSynchronizedGroups = (
				4F1DF27D2EA4CDCB0039A42D /* EarHealthTimer */,
			);
			name = EarHealthTimer;
			packageProductDependencies = (
			);
			productName = EarHealthTimer;
			productReference = 4F1DF27B2EA4CDCB0039A42D /* EarHealthTimer.app */;
			productType = "com.apple.product-type.application";
		};
		4F1DF2892EA4CDCC0039A42D /* EarHealthTimerTests */ = {
			isa = PBXNativeTarget;
			buildConfigurationList = 4F1DF2A12EA4CDCC0039A42D /* Build configuration list for PBXNativeTarget "EarHealthTimerTests" */;
			buildPhases = (
				4F1DF2862EA4CDCC0039A42D /* Sources */,
				4F1DF2872EA4CDCC0039A42D /* Frameworks */,
				4F1DF2882EA4CDCC0039A42D /* Resources */,
			);
			buildRules = (
			);
			dependencies = (
				4F1DF28C2EA4CDCC0039A42D /* PBXTargetDependency */,
			);
			fileSystemSynchronizedGroups = (
				4F1DF28D2EA4CDCC0039A42D /* EarHealthTimerTests */,
			);
			name = EarHealthTimerTests;
			packageProductDependencies = (
			);
			productName = EarHealthTimerTests;
			productReference = 4F1DF28A2EA4CDCC0039A42D /* EarHealthTimerTests.xctest */;
			productType = "com.apple.product-type.bundle.unit-test";
		};
		4F1DF2932EA4CDCC0039A42D /* EarHealthTimerUITests */ = {
			isa = PBXNativeTarget;
			buildConfigurationList = 4F1DF2A42EA4CDCC0039A42D /* Build configuration list for PBXNativeTarget "EarHealthTimerUITests" */;
			buildPhases = (
				4F1DF2902EA4CDCC0039A42D /* Sources */,
				4F1DF2912EA4CDCC0039A42D /* Frameworks */,
				4F1DF2922EA4CDCC0039A42D /* Resources */,
			);
			buildRules = (
			);
			dependencies = (
				4F1DF2962EA4CDCC0039A42D /* PBXTargetDependency */,
			);
			fileSystemSynchronizedGroups = (
				4F1DF2972EA4CDCC0039A42D /* EarHealthTimerUITests */,
			);
			name = EarHealthTimerUITests;
			packageProductDependencies = (
			);
			productName = EarHealthTimerUITests;
			productReference = 4F1DF2942EA4CDCC0039A42D /* EarHealthTimerUITests.xctest */;
			productType = "com.apple.product-type.bundle.ui-testing";
		};
/* End PBXNativeTarget section */

/* Begin PBXProject section */
		4F1DF2732EA4CDCB0039A42D /* Project object */ = {
			isa = PBXProject;
			attributes = {
				BuildIndependentTargetsInParallel = 1;
				LastSwiftUpdateCheck = 2600;
				LastUpgradeCheck = 2600;
				TargetAttributes = {
					4F1DF27A2EA4CDCB0039A42D = {
						CreatedOnToolsVersion = 26.0.1;
					};
					4F1DF2892EA4CDCC0039A42D = {
						CreatedOnToolsVersion = 26.0.1;
						TestTargetID = 4F1DF27A2EA4CDCB0039A42D;
					};
					4F1DF2932EA4CDCC0039A42D = {
						CreatedOnToolsVersion = 26.0.1;
						TestTargetID = 4F1DF27A2EA4CDCB0039A42D;
					};
				};
			};
			buildConfigurationList = 4F1DF2762EA4CDCB0039A42D /* Build configuration list for PBXProject "EarHealthTimer" */;
			developmentRegion = en;
			hasScannedForEncodings = 0;
			knownRegions = (
				en,
				Base,
			);
			mainGroup = 4F1DF2722EA4CDCB0039A42D;
			minimizedProjectReferenceProxies = 1;
			preferredProjectObjectVersion = 77;
			productRefGroup = 4F1DF27C2EA4CDCB0039A42D /* Products */;
			projectDirPath = "";
			projectRoot = "";
			targets = (
				4F1DF27A2EA4CDCB0039A42D /* EarHealthTimer */,
				4F1DF2892EA4CDCC0039A42D /* EarHealthTimerTests */,
				4F1DF2932EA4CDCC0039A42D /* EarHealthTimerUITests */,
			);
		};
/* End PBXProject section */

/* Begin PBXResourcesBuildPhase section */
		4F1DF2792EA4CDCB0039A42D /* Resources */ = {
			isa = PBXResourcesBuildPhase;
			buildActionMask = 2147483647;
			files = (
			);
			runOnlyForDeploymentPostprocessing = 0;
		};
		4F1DF2882EA4CDCC0039A42D /* Resources */ = {
			isa = PBXResourcesBuildPhase;
			buildActionMask = 2147483647;
			files = (
			);
			runOnlyForDeploymentPostprocessing = 0;
		};
		4F1DF2922EA4CDCC0039A42D /* Resources */ = {
			isa = PBXResourcesBuildPhase;
			buildActionMask = 2147483647;
			files = (
			);
			runOnlyForDeploymentPostprocessing = 0;
		};
/* End PBXResourcesBuildPhase section */

/* Begin PBXSourcesBuildPhase section */
		4F1DF2772EA4CDCB0039A42D /* Sources */ = {
			isa = PBXSourcesBuildPhase;
			buildActionMask = 2147483647;
			files = (
			);
			runOnlyForDeploymentPostprocessing = 0;
		};
		4F1DF2862EA4CDCC0039A42D /* Sources */ = {
			isa = PBXSourcesBuildPhase;
			buildActionMask = 2147483647;
			files = (
			);
			runOnlyForDeploymentPostprocessing = 0;
		};
		4F1DF2902EA4CDCC0039A42D /* Sources */ = {
			isa = PBXSourcesBuildPhase;
			buildActionMask = 2147483647;
			files = (
			);
			runOnlyForDeploymentPostprocessing = 0;
		};
/* End PBXSourcesBuildPhase section */

/* Begin PBXTargetDependency section */
		4F1DF28C2EA4CDCC0039A42D /* PBXTargetDependency */ = {
			isa = PBXTargetDependency;
			target = 4F1DF27A2EA4CDCB0039A42D /* EarHealthTimer */;
			targetProxy = 4F1DF28B2EA4CDCC0039A42D /* PBXContainerItemProxy */;
		};
		4F1DF2962EA4CDCC0039A42D /* PBXTargetDependency */ = {
			isa = PBXTargetDependency;
			target = 4F1DF27A2EA4CDCB0039A42D /* EarHealthTimer */;
			targetProxy = 4F1DF2952EA4CDCC0039A42D /* PBXContainerItemProxy */;
		};
/* End PBXTargetDependency section */

/* Begin XCBuildConfiguration section */
		4F1DF29C2EA4CDCC0039A42D /* Debug */ = {
			isa = XCBuildConfiguration;
			buildSettings = {
				ALWAYS_SEARCH_USER_PATHS = NO;
				ASSETCATALOG_COMPILER_GENERATE_SWIFT_ASSET_SYMBOL_EXTENSIONS = YES;
				CLANG_ANALYZER_NONNULL = YES;
				CLANG_ANALYZER_NUMBER_OBJECT_CONVERSION = YES_AGGRESSIVE;
				CLANG_CXX_LANGUAGE_STANDARD = "gnu++20";
				CLANG_ENABLE_MODULES = YES;
				CLANG_ENABLE_OBJC_ARC = YES;
				CLANG_ENABLE_OBJC_WEAK = YES;
				CLANG_WARN_BLOCK_CAPTURE_AUTORELEASING = YES;
				CLANG_WARN_BOOL_CONVERSION = YES;
				CLANG_WARN_COMMA = YES;
				CLANG_WARN_CONSTANT_CONVERSION = YES;
				CLANG_WARN_DEPRECATED_OBJC_IMPLEMENTATIONS = YES;
				CLANG_WARN_DIRECT_OBJC_ISA_USAGE = YES_ERROR;
				CLANG_WARN_DOCUMENTATION_COMMENTS = YES;
				CLANG_WARN_EMPTY_BODY = YES;
				CLANG_WARN_ENUM_CONVERSION = YES;
				CLANG_WARN_INFINITE_RECURSION = YES;
				CLANG_WARN_INT_CONVERSION = YES;
				CLANG_WARN_NON_LITERAL_NULL_CONVERSION = YES;
				CLANG_WARN_OBJC_IMPLICIT_RETAIN_SELF = YES;
				CLANG_WARN_OBJC_LITERAL_CONVERSION = YES;
				CLANG_WARN_OBJC_ROOT_CLASS = YES_ERROR;
				CLANG_WARN_QUOTED_INCLUDE_IN_FRAMEWORK_HEADER = YES;
				CLANG_WARN_RANGE_LOOP_ANALYSIS = YES;
				CLANG_WARN_STRICT_PROTOTYPES = YES;
				CLANG_WARN_SUSPICIOUS_MOVE = YES;
				CLANG_WARN_UNGUARDED_AVAILABILITY = YES_AGGRESSIVE;
				CLANG_WARN_UNREACHABLE_CODE = YES;
				CLANG_WARN__DUPLICATE_METHOD_MATCH = YES;
				COPY_PHASE_STRIP = NO;
				DEBUG_INFORMATION_FORMAT = dwarf;
				DEVELOPMENT_TEAM = 82Y6GP7B4G;
				ENABLE_STRICT_OBJC_MSGSEND = YES;
				ENABLE_TESTABILITY = YES;
				ENABLE_USER_SCRIPT_SANDBOXING = YES;
				GCC_C_LANGUAGE_STANDARD = gnu17;
				GCC_DYNAMIC_NO_PIC = NO;
				GCC_NO_COMMON_BLOCKS = YES;
				GCC_OPTIMIZATION_LEVEL = 0;
				GCC_PREPROCESSOR_DEFINITIONS = (
					"DEBUG=1",
					"$(inherited)",
				);
				GCC_WARN_64_TO_32_BIT_CONVERSION = YES;
				GCC_WARN_ABOUT_RETURN_TYPE = YES_ERROR;
				GCC_WARN_UNDECLARED_SELECTOR = YES;
				GCC_WARN_UNINITIALIZED_AUTOS = YES_AGGRESSIVE;
				GCC_WARN_UNUSED_FUNCTION = YES;
				GCC_WARN_UNUSED_VARIABLE = YES;
				LOCALIZATION_PREFERS_STRING_CATALOGS = YES;
				MACOSX_DEPLOYMENT_TARGET = 15.7;
				MTL_ENABLE_DEBUG_INFO = INCLUDE_SOURCE;
				MTL_FAST_MATH = YES;
				ONLY_ACTIVE_ARCH = YES;
				SDKROOT = macosx;
				SWIFT_ACTIVE_COMPILATION_CONDITIONS = "DEBUG $(inherited)";
				SWIFT_OPTIMIZATION_LEVEL = "-Onone";
			};
			name = Debug;
		};
		4F1DF29D2EA4CDCC0039A42D /* Release */ = {
			isa = XCBuildConfiguration;
			buildSettings = {
				ALWAYS_SEARCH_USER_PATHS = NO;
				ASSETCATALOG_COMPILER_GENERATE_SWIFT_ASSET_SYMBOL_EXTENSIONS = YES;
				CLANG_ANALYZER_NONNULL = YES;
				CLANG_ANALYZER_NUMBER_OBJECT_CONVERSION = YES_AGGRESSIVE;
				CLANG_CXX_LANGUAGE_STANDARD = "gnu++20";
				CLANG_ENABLE_MODULES = YES;
				CLANG_ENABLE_OBJC_ARC = YES;
				CLANG_ENABLE_OBJC_WEAK = YES;
				CLANG_WARN_BLOCK_CAPTURE_AUTORELEASING = YES;
				CLANG_WARN_BOOL_CONVERSION = YES;
				CLANG_WARN_COMMA = YES;
				CLANG_WARN_CONSTANT_CONVERSION = YES;
				CLANG_WARN_DEPRECATED_OBJC_IMPLEMENTATIONS = YES;
				CLANG_WARN_DIRECT_OBJC_ISA_USAGE = YES_ERROR;
				CLANG_WARN_DOCUMENTATION_COMMENTS = YES;
				CLANG_WARN_EMPTY_BODY = YES;
				CLANG_WARN_ENUM_CONVERSION = YES;
				CLANG_WARN_INFINITE_RECURSION = YES;
				CLANG_WARN_INT_CONVERSION = YES;
				CLANG_WARN_NON_LITERAL_NULL_CONVERSION = YES;
				CLANG_WARN_OBJC_IMPLICIT_RETAIN_SELF = YES;
				CLANG_WARN_OBJC_LITERAL_CONVERSION = YES;
				CLANG_WARN_OBJC_ROOT_CLASS = YES_ERROR;
				CLANG_WARN_QUOTED_INCLUDE_IN_FRAMEWORK_HEADER = YES;
				CLANG_WARN_RANGE_LOOP_ANALYSIS = YES;
				CLANG_WARN_STRICT_PROTOTYPES = YES;
				CLANG_WARN_SUSPICIOUS_MOVE = YES;
				CLANG_WARN_UNGUARDED_AVAILABILITY = YES_AGGRESSIVE;
				CLANG_WARN_UNREACHABLE_CODE = YES;
				CLANG_WARN__DUPLICATE_METHOD_MATCH = YES;
				COPY_PHASE_STRIP = NO;
				DEBUG_INFORMATION_FORMAT = "dwarf-with-dsym";
				DEVELOPMENT_TEAM = 82Y6GP7B4G;
				ENABLE_NS_ASSERTIONS = NO;
				ENABLE_STRICT_OBJC_MSGSEND = YES;
				ENABLE_USER_SCRIPT_SANDBOXING = YES;
				GCC_C_LANGUAGE_STANDARD = gnu17;
				GCC_NO_COMMON_BLOCKS = YES;
				GCC_WARN_64_TO_32_BIT_CONVERSION = YES;
				GCC_WARN_ABOUT_RETURN_TYPE = YES_ERROR;
				GCC_WARN_UNDECLARED_SELECTOR = YES;
				GCC_WARN_UNINITIALIZED_AUTOS = YES_AGGRESSIVE;
				GCC_WARN_UNUSED_FUNCTION = YES;
				GCC_WARN_UNUSED_VARIABLE = YES;
				LOCALIZATION_PREFERS_STRING_CATALOGS = YES;
				MACOSX_DEPLOYMENT_TARGET = 15.7;
				MTL_ENABLE_DEBUG_INFO = NO;
				MTL_FAST_MATH = YES;
				SDKROOT = macosx;
				SWIFT_COMPILATION_MODE = wholemodule;
			};
			name = Release;
		};
		4F1DF29F2EA4CDCC0039A42D /* Debug */ = {
			isa = XCBuildConfiguration;
			buildSettings = {
				ASSETCATALOG_COMPILER_APPICON_NAME = AppIcon;
				ASSETCATALOG_COMPILER_GLOBAL_ACCENT_COLOR_NAME = AccentColor;
				CODE_SIGN_STYLE = Automatic;
				COMBINE_HIDPI_IMAGES = YES;
				CURRENT_PROJECT_VERSION = 1;
				DEVELOPMENT_TEAM = 82Y6GP7B4G;
				ENABLE_APP_SANDBOX = YES;
				ENABLE_HARDENED_RUNTIME = YES;
				ENABLE_PREVIEWS = YES;
				ENABLE_USER_SELECTED_FILES = readonly;
				GENERATE_INFOPLIST_FILE = YES;
				INFOPLIST_KEY_NSHumanReadableCopyright = "";
				LD_RUNPATH_SEARCH_PATHS = (
					"$(inherited)",
					"@executable_path/../Frameworks",
				);
				MARKETING_VERSION = 1.0;
				PRODUCT_BUNDLE_IDENTIFIER = com.JJtheHonest.EarHealthTimer;
				PRODUCT_NAME = "$(TARGET_NAME)";
				REGISTER_APP_GROUPS = YES;
				STRING_CATALOG_GENERATE_SYMBOLS = YES;
				SWIFT_APPROACHABLE_CONCURRENCY = YES;
				SWIFT_DEFAULT_ACTOR_ISOLATION = MainActor;
				SWIFT_EMIT_LOC_STRINGS = YES;
				SWIFT_UPCOMING_FEATURE_MEMBER_IMPORT_VISIBILITY = YES;
				SWIFT_VERSION = 5.0;
			};
			name = Debug;
		};
		4F1DF2A02EA4CDCC0039A42D /* Release */ = {
			isa = XCBuildConfiguration;
			buildSettings = {
				ASSETCATALOG_COMPILER_APPICON_NAME = AppIcon;
				ASSETCATALOG_COMPILER_GLOBAL_ACCENT_COLOR_NAME = AccentColor;
				CODE_SIGN_STYLE = Automatic;
				COMBINE_HIDPI_IMAGES = YES;
				CURRENT_PROJECT_VERSION = 1;
				DEVELOPMENT_TEAM = 82Y6GP7B4G;
				ENABLE_APP_SANDBOX = YES;
				ENABLE_HARDENED_RUNTIME = YES;
				ENABLE_PREVIEWS = YES;
				ENABLE_USER_SELECTED_FILES = readonly;
				GENERATE_INFOPLIST_FILE = YES;
				INFOPLIST_KEY_NSHumanReadableCopyright = "";
				LD_RUNPATH_SEARCH_PATHS = (
					"$(inherited)",
					"@executable_path/../Frameworks",
				);
				MARKETING_VERSION = 1.0;
				PRODUCT_BUNDLE_IDENTIFIER = com.JJtheHonest.EarHealthTimer;
				PRODUCT_NAME = "$(TARGET_NAME)";
				REGISTER_APP_GROUPS = YES;
				STRING_CATALOG_GENERATE_SYMBOLS = YES;
				SWIFT_APPROACHABLE_CONCURRENCY = YES;
				SWIFT_DEFAULT_ACTOR_ISOLATION = MainActor;
				SWIFT_EMIT_LOC_STRINGS = YES;
				SWIFT_UPCOMING_FEATURE_MEMBER_IMPORT_VISIBILITY = YES;
				SWIFT_VERSION = 5.0;
			};
			name = Release;
		};
		4F1DF2A22EA4CDCC0039A42D /* Debug */ = {
			isa = XCBuildConfiguration;
			buildSettings = {
				BUNDLE_LOADER = "$(TEST_HOST)";
				CODE_SIGN_STYLE = Automatic;
				CURRENT_PROJECT_VERSION = 1;
				DEVELOPMENT_TEAM = 82Y6GP7B4G;
				GENERATE_INFOPLIST_FILE = YES;
				MACOSX_DEPLOYMENT_TARGET = 15.7;
				MARKETING_VERSION = 1.0;
				PRODUCT_BUNDLE_IDENTIFIER = com.JJtheHonest.EarHealthTimerTests;
				PRODUCT_NAME = "$(TARGET_NAME)";
				STRING_CATALOG_GENERATE_SYMBOLS = NO;
				SWIFT_APPROACHABLE_CONCURRENCY = YES;
				SWIFT_EMIT_LOC_STRINGS = NO;
				SWIFT_UPCOMING_FEATURE_MEMBER_IMPORT_VISIBILITY = YES;
				SWIFT_VERSION = 5.0;
				TEST_HOST = "$(BUILT_PRODUCTS_DIR)/EarHealthTimer.app/$(BUNDLE_EXECUTABLE_FOLDER_PATH)/EarHealthTimer";
			};
			name = Debug;
		};
		4F1DF2A32EA4CDCC0039A42D /* Release */ = {
			isa = XCBuildConfiguration;
			buildSettings = {
				BUNDLE_LOADER = "$(TEST_HOST)";
				CODE_SIGN_STYLE = Automatic;
				CURRENT_PROJECT_VERSION = 1;
				DEVELOPMENT_TEAM = 82Y6GP7B4G;
				GENERATE_INFOPLIST_FILE = YES;
				MACOSX_DEPLOYMENT_TARGET = 15.7;
				MARKETING_VERSION = 1.0;
				PRODUCT_BUNDLE_IDENTIFIER = com.JJtheHonest.EarHealthTimerTests;
				PRODUCT_NAME = "$(TARGET_NAME)";
				STRING_CATALOG_GENERATE_SYMBOLS = NO;
				SWIFT_APPROACHABLE_CONCURRENCY = YES;
				SWIFT_EMIT_LOC_STRINGS = NO;
				SWIFT_UPCOMING_FEATURE_MEMBER_IMPORT_VISIBILITY = YES;
				SWIFT_VERSION = 5.0;
				TEST_HOST = "$(BUILT_PRODUCTS_DIR)/EarHealthTimer.app/$(BUNDLE_EXECUTABLE_FOLDER_PATH)/EarHealthTimer";
			};
			name = Release;
		};
		4F1DF2A52EA4CDCC0039A42D /* Debug */ = {
			isa = XCBuildConfiguration;
			buildSettings = {
				CODE_SIGN_STYLE = Automatic;
				CURRENT_PROJECT_VERSION = 1;
				DEVELOPMENT_TEAM = 82Y6GP7B4G;
				GENERATE_INFOPLIST_FILE = YES;
				MARKETING_VERSION = 1.0;
				PRODUCT_BUNDLE_IDENTIFIER = com.JJtheHonest.EarHealthTimerUITests;
				PRODUCT_NAME = "$(TARGET_NAME)";
				STRING_CATALOG_GENERATE_SYMBOLS = NO;
				SWIFT_APPROACHABLE_CONCURRENCY = YES;
				SWIFT_EMIT_LOC_STRINGS = NO;
				SWIFT_UPCOMING_FEATURE_MEMBER_IMPORT_VISIBILITY = YES;
				SWIFT_VERSION = 5.0;
				TEST_TARGET_NAME = EarHealthTimer;
			};
			name = Debug;
		};
		4F1DF2A62EA4CDCC0039A42D /* Release */ = {
			isa = XCBuildConfiguration;
			buildSettings = {
				CODE_SIGN_STYLE = Automatic;
				CURRENT_PROJECT_VERSION = 1;
				DEVELOPMENT_TEAM = 82Y6GP7B4G;
				GENERATE_INFOPLIST_FILE = YES;
				MARKETING_VERSION = 1.0;
				PRODUCT_BUNDLE_IDENTIFIER = com.JJtheHonest.EarHealthTimerUITests;
				PRODUCT_NAME = "$(TARGET_NAME)";
				STRING_CATALOG_GENERATE_SYMBOLS = NO;
				SWIFT_APPROACHABLE_CONCURRENCY = YES;
				SWIFT_EMIT_LOC_STRINGS = NO;
				SWIFT_UPCOMING_FEATURE_MEMBER_IMPORT_VISIBILITY = YES;
				SWIFT_VERSION = 5.0;
				TEST_TARGET_NAME = EarHealthTimer;
			};
			name = Release;
		};
/* End XCBuildConfiguration section */

/* Begin XCConfigurationList section */
		4F1DF2762EA4CDCB0039A42D /* Build configuration list for PBXProject "EarHealthTimer" */ = {
			isa = XCConfigurationList;
			buildConfigurations = (
				4F1DF29C2EA4CDCC0039A42D /* Debug */,
				4F1DF29D2EA4CDCC0039A42D /* Release */,
			);
			defaultConfigurationIsVisible = 0;
			defaultConfigurationName = Release;
		};
		4F1DF29E2EA4CDCC0039A42D /* Build configuration list for PBXNativeTarget "EarHealthTimer" */ = {
			isa = XCConfigurationList;
			buildConfigurations = (
				4F1DF29F2EA4CDCC0039A42D /* Debug */,
				4F1DF2A02EA4CDCC0039A42D /* Release */,
			);
			defaultConfigurationIsVisible = 0;
			defaultConfigurationName = Release;
		};
		4F1DF2A12EA4CDCC0039A42D /* Build configuration list for PBXNativeTarget "EarHealthTimerTests" */ = {
			isa = XCConfigurationList;
			buildConfigurations = (
				4F1DF2A22EA4CDCC0039A42D /* Debug */,
				4F1DF2A32EA4CDCC0039A42D /* Release */,
			);
			defaultConfigurationIsVisible = 0;
			defaultConfigurationName = Release;
		};
		4F1DF2A42EA4CDCC0039A42D /* Build configuration list for PBXNativeTarget "EarHealthTimerUITests" */ = {
			isa = XCConfigurationList;
			buildConfigurations = (
				4F1DF2A52EA4CDCC0039A42D /* Debug */,
				4F1DF2A62EA4CDCC0039A42D /* Release */,
			);
			defaultConfigurationIsVisible = 0;
			defaultConfigurationName = Release;
		};
/* End XCConfigurationList section */
	};
	rootObject = 4F1DF2732EA4CDCB0039A42D /* Project object */;
}
